
Microsoft Visual Studio Solution File, Format Version 12.00
# Visual Studio Version 17
VisualStudioVersion = 17.12.35527.113
MinimumVisualStudioVersion = 10.0.40219.1
Project("{FAE04EC0-301F-11D3-BF4B-00C04F79EFBC}") = "ProjectOne", "ProjectOne\ProjectOne.csproj", "{256289F1-A338-4958-9306-572CD7231EF2}"
EndProject
Project("{FAE04EC0-301F-11D3-BF4B-00C04F79EFBC}") = "ProjectOne.DataAccess", "ProjectOne.DataAccess\ProjectOne.DataAccess.csproj", "{956A1C35-A44C-47CD-AB78-FD2E2B6FF303}"
EndProject
Project("{FAE04EC0-301F-11D3-BF4B-00C04F79EFBC}") = "ProjectOneCommon", "ProjectOneCommon\ProjectOneCommon.csproj", "{6DDDADE5-B3C4-4EAA-B819-2B8024A44ABB}"
EndProject
Global
	GlobalSection(SolutionConfigurationPlatforms) = preSolution
		Debug|Any CPU = Debug|Any CPU
		Release|Any CPU = Release|Any CPU
	EndGlobalSection
	GlobalSection(ProjectConfigurationPlatforms) = postSolution
		{256289F1-A338-4958-9306-572CD7231EF2}.Debug|Any CPU.ActiveCfg = Debug|Any CPU
		{256289F1-A338-4958-9306-572CD7231EF2}.Debug|Any CPU.Build.0 = Debug|Any CPU
		{256289F1-A338-4958-9306-572CD7231EF2}.Release|Any CPU.ActiveCfg = Release|Any CPU
		{256289F1-A338-4958-9306-572CD7231EF2}.Release|Any CPU.Build.0 = Release|Any CPU
		{956A1C35-A44C-47CD-AB78-FD2E2B6FF303}.Debug|Any CPU.ActiveCfg = Debug|Any CPU
		{956A1C35-A44C-47CD-AB78-FD2E2B6FF303}.Debug|Any CPU.Build.0 = Debug|Any CPU
		{956A1C35-A44C-47CD-AB78-FD2E2B6FF303}.Release|Any CPU.ActiveCfg = Release|Any CPU
		{956A1C35-A44C-47CD-AB78-FD2E2B6FF303}.Release|Any CPU.Build.0 = Release|Any CPU
		{6DDDADE5-B3C4-4EAA-B819-2B8024A44ABB}.Debug|Any CPU.ActiveCfg = Debug|Any CPU
		{6DDDADE5-B3C4-4EAA-B819-2B8024A44ABB}.Debug|Any CPU.Build.0 = Debug|Any CPU
		{6DDDADE5-B3C4-4EAA-B819-2B8024A44ABB}.Release|Any CPU.ActiveCfg = Release|Any CPU
		{6DDDADE5-B3C4-4EAA-B819-2B8024A44ABB}.Release|Any CPU.Build.0 = Release|Any CPU
	EndGlobalSection
	GlobalSection(SolutionProperties) = preSolution
		HideSolutionNode = FALSE
	EndGlobalSection
EndGlobal
